
Microsoft Visual Studio Solution File, Format Version 12.00
# Visual Studio Version 17
VisualStudioVersion = 17.4.33213.308
MinimumVisualStudioVersion = 10.0.40219.1
Project("{8BC9CEB8-8B4A-11D0-8D11-00A0C91BC942}") = "laba5", "laba5\laba5.vcxproj", "{CCAFB7C8-DD25-4A05-BED3-E8F976ECA480}"
EndProject
Global
	GlobalSection(SolutionConfigurationPlatforms) = preSolution
		Debug|x64 = Debug|x64
		Debug|x86 = Debug|x86
		Release|x64 = Release|x64
		Release|x86 = Release|x86
	EndGlobalSection
	GlobalSection(ProjectConfigurationPlatforms) = postSolution
		{CCAFB7C8-DD25-4A05-BED3-E8F976ECA480}.Debug|x64.ActiveCfg = Debug|x64
		{CCAFB7C8-DD25-4A05-BED3-E8F976ECA480}.Debug|x64.Build.0 = Debug|x64
		{CCAFB7C8-DD25-4A05-BED3-E8F976ECA480}.Debug|x86.ActiveCfg = Debug|Win32
		{CCAFB7C8-DD25-4A05-BED3-E8F976ECA480}.Debug|x86.Build.0 = Debug|Win32
		{CCAFB7C8-DD25-4A05-BED3-E8F976ECA480}.Release|x64.ActiveCfg = Release|x64
		{CCAFB7C8-DD25-4A05-BED3-E8F976ECA480}.Release|x64.Build.0 = Release|x64
		{CCAFB7C8-DD25-4A05-BED3-E8F976ECA480}.Release|x86.ActiveCfg = Release|Win32
		{CCAFB7C8-DD25-4A05-BED3-E8F976ECA480}.Release|x86.Build.0 = Release|Win32
	EndGlobalSection
	GlobalSection(SolutionProperties) = preSolution
		HideSolutionNode = FALSE
	EndGlobalSection
	GlobalSection(ExtensibilityGlobals) = postSolution
		SolutionGuid = {067B710A-79E0-41D4-AC9C-EE7275C33579}
	EndGlobalSection
EndGlobal
